
Microsoft Visual Studio Solution File, Format Version 12.00
# Visual Studio 15
VisualStudioVersion = 15.0.28307.705
MinimumVisualStudioVersion = 10.0.40219.1
Project("{FAE04EC0-301F-11D3-BF4B-00C04F79EFBC}") = "Students_vs_teachers", "students-vs-teachers\students_vs_teachers.csproj", "{654750F7-A940-400B-BE6F-A3AFB2BCB9DC}"
EndProject
Global
	GlobalSection(SolutionConfigurationPlatforms) = preSolution
		Debug|Any CPU = Debug|Any CPU
		Release|Any CPU = Release|Any CPU
	EndGlobalSection
	GlobalSection(ProjectConfigurationPlatforms) = postSolution
		{654750F7-A940-400B-BE6F-A3AFB2BCB9DC}.Debug|Any CPU.ActiveCfg = Debug|Any CPU
		{654750F7-A940-400B-BE6F-A3AFB2BCB9DC}.Debug|Any CPU.Build.0 = Debug|Any CPU
		{654750F7-A940-400B-BE6F-A3AFB2BCB9DC}.Release|Any CPU.ActiveCfg = Release|Any CPU
		{654750F7-A940-400B-BE6F-A3AFB2BCB9DC}.Release|Any CPU.Build.0 = Release|Any CPU
	EndGlobalSection
	GlobalSection(SolutionProperties) = preSolution
		HideSolutionNode = FALSE
	EndGlobalSection
	GlobalSection(ExtensibilityGlobals) = postSolution
		SolutionGuid = {AEEE526E-096F-41B2-98AA-A1B213E4A38D}
	EndGlobalSection
EndGlobal
